version = 1
revision = 3
requires-python = "==3.12.*"

[[package]]
name = "jax"
version = "0.10.1"
source = { registry = "https://pypi.org/simple" }
dependencies = [
    { name = "jaxlib" },
    { name = "ml-dtypes" },
    { name = "numpy" },
    { name = "opt-einsum" },
    { name = "scipy" },
]
sdist = { url = "https://files.pythonhosted.org/packages/24/49/b082387119c4a6bc7596296bbdc6bce034628cdd2845ebb27304cbca3624/jax-0.10.1.tar.gz", hash = "sha256:11672410faf8752429eb9a131de203dc488a2a3a012d509baa2b39878008810d", size = 2718178, upload-time = "2026-05-20T14:54:09.441Z" }
wheels = [
    { url = "https://files.pythonhosted.org/packages/5c/6e/5087e0347188f6970aba1ffbd0018754d23c3f3461e9f21785f2f27a02c2/jax-0.10.1-py3-none-any.whl", hash = "sha256:47f3192c76e9e3358de1b106a8af5e943fccb10510903f25d96ea53652729134", size = 3150973, upload-time = "2026-05-20T14:51:30.066Z" },
]

[package.optional-dependencies]
cuda13 = [
    { name = "jax-cuda13-plugin", extra = ["with-cuda"] },
    { name = "jaxlib" },
]

[[package]]
name = "jax-cuda13-pjrt"
version = "0.10.1"
source = { registry = "https://pypi.org/simple" }
wheels = [
    { url = "https://files.pythonhosted.org/packages/8c/8e/57eebc0c4d6d63bad64f7443cbc96d3e3c5535fa4992af58568ad7388cbb/jax_cuda13_pjrt-0.10.1-py3-none-manylinux_2_27_aarch64.whl", hash = "sha256:7dd9f518876857e238a9a63abc185b277e9435470cc286b92209ef79d51d03cf", size = 113795506, upload-time = "2026-05-20T14:52:06.61Z" },
    { url = "https://files.pythonhosted.org/packages/8d/74/05adf1f245de3b37518ba1e7e668cdc38ec0291313ab63fc0768089f8baa/jax_cuda13_pjrt-0.10.1-py3-none-manylinux_2_27_x86_64.whl", hash = "sha256:af8042c7697fb6faa0cc4851d4f5e0504878ea1f6b6fc067255f449016336a6f", size = 119552553, upload-time = "2026-05-20T14:52:11.087Z" },
]

[[package]]
name = "jax-cuda13-plugin"
version = "0.10.1"
source = { registry = "https://pypi.org/simple" }
dependencies = [
    { name = "jax-cuda13-pjrt" },
]
wheels = [
    { url = "https://files.pythonhosted.org/packages/88/1e/6f8135ac3f6dbee231392131cb278fabccbceddbc0a1a160a579bfe7b37a/jax_cuda13_plugin-0.10.1-cp312-cp312-manylinux_2_27_aarch64.whl", hash = "sha256:a4f8c2ad46fcf6edbe09b66578ec5fd7f8d189fcdb5d0a2500e473c5eebfc824", size = 7254249, upload-time = "2026-05-20T14:52:18.2Z" },
    { url = "https://files.pythonhosted.org/packages/2f/c2/6f9911b2a7f1f333320b3600118f13b57b43248288f2e4a3b276aa95c85e/jax_cuda13_plugin-0.10.1-cp312-cp312-manylinux_2_27_x86_64.whl", hash = "sha256:6799bf4e59574f5a49638fa4e1b6a43ddea75cc7eb19f726c4f6d94aa1e05cdd", size = 7306406, upload-time = "2026-05-20T14:52:20.056Z" },
]

[package.optional-dependencies]
with-cuda = [
    { name = "nvidia-cublas", marker = "sys_platform == 'linux'" },
    { name = "nvidia-cuda-cupti", marker = "sys_platform == 'linux'" },
    { name = "nvidia-cuda-nvcc", marker = "sys_platform == 'linux'" },
    { name = "nvidia-cuda-nvrtc", marker = "sys_platform == 'linux'" },
    { name = "nvidia-cuda-runtime", marker = "sys_platform == 'linux'" },
    { name = "nvidia-cudnn-cu13", marker = "sys_platform == 'linux'" },
    { name = "nvidia-cufft", marker = "sys_platform == 'linux'" },
    { name = "nvidia-cusolver", marker = "sys_platform == 'linux'" },
    { name = "nvidia-cusparse", marker = "sys_platform == 'linux'" },
    { name = "nvidia-nccl-cu13", marker = "sys_platform == 'linux'" },
    { name = "nvidia-nvjitlink", marker = "sys_platform == 'linux'" },
    { name = "nvidia-nvshmem-cu13", marker = "sys_platform == 'linux'" },
    { name = "nvidia-nvvm" },
]

[[package]]
name = "jaxlib"
version = "0.10.1"
source = { registry = "https://pypi.org/simple" }
dependencies = [
    { name = "ml-dtypes" },
    { name = "numpy" },
    { name = "scipy" },
]
wheels = [
    { url = "https://files.pythonhosted.org/packages/53/b4/fdb6e989b142d8a8d2093f342cbc5323fe0d4a7217fd899c8ddf9e108a5a/jaxlib-0.10.1-cp312-cp312-macosx_11_0_arm64.whl", hash = "sha256:7a4399c7429c87ee6f7ab1e5712c5548ecfabde974ee9f4a12957fea4e35efb8", size = 60816137, upload-time = "2026-05-20T14:52:53.028Z" },
    { url = "https://files.pythonhosted.org/packages/a7/29/0b4eaaca005708751ff301903a2ca760dcc34175dadb7536498c57a7de85/jaxlib-0.10.1-cp312-cp312-manylinux_2_27_aarch64.whl", hash = "sha256:12126603ba472300c62480f86d20972d563143041039d9dea349ad510aa6123c", size = 80294034, upload-time = "2026-05-20T14:52:56.941Z" },
    { url = "https://files.pythonhosted.org/packages/38/69/2912ab63036e21c72748019e1d8e09e8a1fc3368b3e83fc27898a1858575/jaxlib-0.10.1-cp312-cp312-manylinux_2_27_x86_64.whl", hash = "sha256:f3cdf5b7f48470ab5455ab79aab746419694ccb6b52651cc2ce5fb27def03588", size = 85828774, upload-time = "2026-05-20T14:53:01.749Z" },
    { url = "https://files.pythonhosted.org/packages/ec/8f/993ea419eca6f34fe12613e22a03b93f40e5b1e8e0df18d4060e1313a1fc/jaxlib-0.10.1-cp312-cp312-win_amd64.whl", hash = "sha256:0acf3f8e7dca9074c0327f0f61502845792ca9f82fab23b841b00daa78e85488", size = 64830187, upload-time = "2026-05-20T14:53:05.932Z" },
]

[[package]]
name = "ml-dtypes"
version = "0.5.4"
source = { registry = "https://pypi.org/simple" }
dependencies = [
    { name = "numpy" },
]
sdist = { url = "https://files.pythonhosted.org/packages/0e/4a/c27b42ed9b1c7d13d9ba8b6905dece787d6259152f2309338aed29b2447b/ml_dtypes-0.5.4.tar.gz", hash = "sha256:8ab06a50fb9bf9666dd0fe5dfb4676fa2b0ac0f31ecff72a6c3af8e22c063453", size = 692314, upload-time = "2025-11-17T22:32:31.031Z" }
wheels = [
    { url = "https://files.pythonhosted.org/packages/a8/b8/3c70881695e056f8a32f8b941126cf78775d9a4d7feba8abcb52cb7b04f2/ml_dtypes-0.5.4-cp312-cp312-macosx_10_13_universal2.whl", hash = "sha256:a174837a64f5b16cab6f368171a1a03a27936b31699d167684073ff1c4237dac", size = 676927, upload-time = "2025-11-17T22:31:48.182Z" },
    { url = "https://files.pythonhosted.org/packages/54/0f/428ef6881782e5ebb7eca459689448c0394fa0a80bea3aa9262cba5445ea/ml_dtypes-0.5.4-cp312-cp312-manylinux_2_27_aarch64.manylinux_2_28_aarch64.whl", hash = "sha256:a7f7c643e8b1320fd958bf098aa7ecf70623a42ec5154e3be3be673f4c34d900", size = 5028464, upload-time = "2025-11-17T22:31:50.135Z" },
    { url = "https://files.pythonhosted.org/packages/3a/cb/28ce52eb94390dda42599c98ea0204d74799e4d8047a0eb559b6fd648056/ml_dtypes-0.5.4-cp312-cp312-manylinux_2_27_x86_64.manylinux_2_28_x86_64.whl", hash = "sha256:9ad459e99793fa6e13bd5b7e6792c8f9190b4e5a1b45c63aba14a4d0a7f1d5ff", size = 5009002, upload-time = "2025-11-17T22:31:52.001Z" },
    { url = "https://files.pythonhosted.org/packages/f5/f0/0cfadd537c5470378b1b32bd859cf2824972174b51b873c9d95cfd7475a5/ml_dtypes-0.5.4-cp312-cp312-win_amd64.whl", hash = "sha256:c1a953995cccb9e25a4ae19e34316671e4e2edaebe4cf538229b1fc7109087b7", size = 212222, upload-time = "2025-11-17T22:31:53.742Z" },
    { url = "https://files.pythonhosted.org/packages/16/2e/9acc86985bfad8f2c2d30291b27cd2bb4c74cea08695bd540906ed744249/ml_dtypes-0.5.4-cp312-cp312-win_arm64.whl", hash = "sha256:9bad06436568442575beb2d03389aa7456c690a5b05892c471215bfd8cf39460", size = 160793, upload-time = "2025-11-17T22:31:55.358Z" },
]

[[package]]
name = "numpy"
version = "2.5.2"
source = { registry = "https://pypi.org/simple" }
sdist = { url = "https://files.pythonhosted.org/packages/9a/80/db0b4559e57ec36362bedbb05530a87fafbcb6067708c946967a41d449e7/numpy-2.5.2.tar.gz", hash = "sha256:d482d171c406ae88c5b19cad3b6a1c4c5209f886ab74bc44c2c865c23f52d860", size = 20773161, upload-time = "2026-08-09T13:48:27.962Z" }
wheels = [
    { url = "https://files.pythonhosted.org/packages/69/72/dccb0aaf40972777283303919f613964227266d0c13adebb79ac124f1c3e/numpy-2.5.2-cp312-cp312-macosx_10_13_x86_64.whl", hash = "sha256:14e373cfc6387177e8409dac3c7159be8eb05cd77096cd7c950268b86f62831c", size = 16891693, upload-time = "2026-08-09T13:44:51.702Z" },
    { url = "https://files.pythonhosted.org/packages/60/2e/b5aee50a1f74ac815cf8331812cb8251e29024025de462e0c047641c614c/numpy-2.5.2-cp312-cp312-macosx_11_0_arm64.whl", hash = "sha256:4bbd96c833ecc8cc069ce518078fc8c60cb9cbfb0fea5b7a803ad65035596d03", size = 11903109, upload-time = "2026-08-09T13:44:55.501Z" },
    { url = "https://files.pythonhosted.org/packages/f3/f4/29e78102a80601cf034d4e9767022cffeca2c3b4c926e1754572ca95593d/numpy-2.5.2-cp312-cp312-macosx_14_0_arm64.whl", hash = "sha256:6e8172ddfcf5cf74b811d372b570b83c60bd2de87a6fbfbebdadb4a9bd9c6cbb", size = 5350202, upload-time = "2026-08-09T13:44:58.401Z" },
    { url = "https://files.pythonhosted.org/packages/11/4b/dcd3b7eadaf4035d2c7a4289d232523a6964f602598ef7674e4bd7291f93/numpy-2.5.2-cp312-cp312-macosx_14_0_x86_64.whl", hash = "sha256:65f188481f1669e26f62b701e8205d19e460fa4a9b52a1414ba382330e4a3414", size = 6687736, upload-time = "2026-08-09T13:45:00.813Z" },
    { url = "https://files.pythonhosted.org/packages/e5/21/4947e0e9d6c9fc2e2ff15b8949049ee44f63adb9cacc729ab8793f97e712/numpy-2.5.2-cp312-cp312-manylinux_2_27_aarch64.manylinux_2_28_aarch64.whl", hash = "sha256:8ee9c4eeb8454b3660a8b53493563c3e121c2fc94fbd72b848ef814ed7b676a9", size = 15612696, upload-time = "2026-08-09T13:45:04.151Z" },
    { url = "https://files.pythonhosted.org/packages/3a/5f/62d28cf019460c7f1394105b4d49d9911a9c444cb77ab0bd95a204c5a6de/numpy-2.5.2-cp312-cp312-manylinux_2_27_x86_64.manylinux_2_28_x86_64.whl", hash = "sha256:3cdec01fa790a186d430433fdd4d4ffb70eed6f0eeb4bf05c8dbe2dce0a9bcb8", size = 16722264, upload-time = "2026-08-09T13:45:07.714Z" },
    { url = "https://files.pythonhosted.org/packages/14/25/3f0be4c1b9fdf5dd5e708a6806978564d7c46a055c000496309ff2a2f8af/numpy-2.5.2-cp312-cp312-musllinux_1_2_aarch64.whl", hash = "sha256:7999d4ddb0c4025018373fd787510d46e04c769467af22869707b3c1cfd459ab", size = 16974396, upload-time = "2026-08-09T13:45:11.316Z" },
    { url = "https://files.pythonhosted.org/packages/22/72/6262cbdeeb45da9d971e40715f579d791603ba8ec0b5e2db1ac55454421d/numpy-2.5.2-cp312-cp312-musllinux_1_2_x86_64.whl", hash = "sha256:c1f017dc0875c9209d219f97feceb7d54c2661bb243deb4114478e1295808af7", size = 18476044, upload-time = "2026-08-09T13:45:14.869Z" },
    { url = "https://files.pythonhosted.org/packages/36/33/29208b8b075bde62d26a81d14b358c42b0f69b6cabd98d4ff97f37f22b05/numpy-2.5.2-cp312-cp312-win32.whl", hash = "sha256:d6a48072864e3324e194a8fbb3c657bcc5b5c869dbc64c9537b1d5c862572c0a", size = 6072817, upload-time = "2026-08-09T13:45:17.867Z" },
    { url = "https://files.pythonhosted.org/packages/7f/b9/87fea2769fe1c47c1b5b01d8310772c9d1a85d485de7cf386ef7a3332b02/numpy-2.5.2-cp312-cp312-win_amd64.whl", hash = "sha256:28ac63476ec7651484215ee7fa15a1f78b57c14621f01e392afe17b9a1390ce4", size = 12464674, upload-time = "2026-08-09T13:45:20.734Z" },
    { url = "https://files.pythonhosted.org/packages/14/52/032b97e00461ab0809bbe4c588b035620e5a14b8cdee47ecddefc7b17d33/numpy-2.5.2-cp312-cp312-win_arm64.whl", hash = "sha256:27650bb0e7140fa3d37b9923b4803645e0b125d190f326eecfd3f4dad8e8ade1", size = 10397131, upload-time = "2026-08-09T13:45:23.73Z" },
]

[[package]]
name = "nvidia-cublas"
version = "13.6.1.10"
source = { registry = "https://pypi.org/simple" }
dependencies = [
    { name = "nvidia-cuda-nvrtc" },
]
wheels = [
    { url = "https://files.pythonhosted.org/packages/42/51/a174a0e79793e528ef4645a9d554e3aa48fd8da3f9c9cf523c0176bb121b/nvidia_cublas-13.6.1.10-py3-none-manylinux_2_27_aarch64.whl", hash = "sha256:e05a431062a17cb9b02e2f37e67817b637051ce8fad57b388482c594396ddbb4", size = 518610411, upload-time = "2026-07-30T18:18:32.969Z" },
    { url = "https://files.pythonhosted.org/packages/dd/e9/288a93d8234b8f8ea0ccac7b8cc5d7aa4c663d9676c64f4a2eb3a1f9ffc4/nvidia_cublas-13.6.1.10-py3-none-manylinux_2_27_x86_64.whl", hash = "sha256:feb2ed8a1e211bc5774413efc0f1a08c4d5269b56f68b4ac6fe5408e57f7dc1c", size = 410475904, upload-time = "2026-07-30T18:19:26.388Z" },
]

[[package]]
name = "nvidia-cuda-cccl"
version = "13.3.3.4.1"
source = { registry = "https://pypi.org/simple" }
wheels = [
    { url = "https://files.pythonhosted.org/packages/96/bd/572971ffc14bd36676c821fc15d991b08fe6179cb09368250147475f954d/nvidia_cuda_cccl-13.3.3.4.1-py3-none-manylinux2014_aarch64.manylinux_2_17_aarch64.whl", hash = "sha256:067d19b4b3c9d0f2ebec9f29a311b2863db96bf98e058bbc331597d51ce818cf", size = 3454030, upload-time = "2026-06-29T16:41:49.092Z" },
    { url = "https://files.pythonhosted.org/packages/f8/ab/049726d90147865a3ea53bae6cb7c35b98bf1fdf96cdb967101329625f83/nvidia_cuda_cccl-13.3.3.4.1-py3-none-manylinux2014_x86_64.manylinux_2_17_x86_64.whl", hash = "sha256:cc0adc188d570b09f4d606c7dc05a42aa3d8aa082e0d60f7bbfc5b6435f627c6", size = 3454034, upload-time = "2026-06-29T16:42:07.435Z" },
]

[[package]]
name = "nvidia-cuda-crt"
version = "13.3.73"
source = { registry = "https://pypi.org/simple" }
wheels = [
    { url = "https://files.pythonhosted.org/packages/fa/41/2089e411507d66458d67208bdd1bc562d492bb6458c3d2aea4603072a219/nvidia_cuda_crt-13.3.73-py3-none-manylinux2014_aarch64.manylinux_2_17_aarch64.whl", hash = "sha256:60aacc0b5e1e8b40c62abe4d1ab16440add91b99bd2f17f62dd091586b73d166", size = 157353, upload-time = "2026-06-29T16:42:38.163Z" },
    { url = "https://files.pythonhosted.org/packages/7e/ce/16d76f4b5b3f7460f5ebd17516685495c149c66651ffdd381f90e4d4e65c/nvidia_cuda_crt-13.3.73-py3-none-manylinux2014_x86_64.manylinux_2_17_x86_64.whl", hash = "sha256:df14a17ae1c5c3171265411212246654d780f89344ea85344466c6b955247543", size = 157352, upload-time = "2026-06-29T16:43:09.209Z" },
]

[[package]]
name = "nvidia-cuda-cupti"
version = "13.3.75"
source = { registry = "https://pypi.org/simple" }
wheels = [
    { url = "https://files.pythonhosted.org/packages/d1/7b/d332e362c2c48929f913a5930a596c707c30632ae3248dd16be35f18fc11/nvidia_cuda_cupti-13.3.75-py3-none-manylinux_2_25_aarch64.whl", hash = "sha256:79f5a8c55378a998427d6974b1d85ec91ef684035d016b3fb3b85006914f94f0", size = 11824795, upload-time = "2026-06-29T16:46:00.894Z" },
    { url = "https://files.pythonhosted.org/packages/d1/68/ee003f64d79bd3cb95e243cfdc906bb0f1ae73b1aa2857baf1d7834dd1ee/nvidia_cuda_cupti-13.3.75-py3-none-manylinux_2_25_x86_64.whl", hash = "sha256:a969cc446c44db612e417bd0af722cfad9009c027dabd4ed255262c0e9a9a3d2", size = 12044533, upload-time = "2026-06-29T16:46:20.662Z" },
]

[[package]]
name = "nvidia-cuda-nvcc"
version = "13.3.73"
source = { registry = "https://pypi.org/simple" }
dependencies = [
    { name = "nvidia-cuda-crt" },
    { name = "nvidia-cuda-runtime" },
    { name = "nvidia-nvvm" },
]
wheels = [
    { url = "https://files.pythonhosted.org/packages/5c/14/9f5cdc994d5431e2f08f62ffe34509e7feabd1f2e18517e2d7720c6ff0fd/nvidia_cuda_nvcc-13.3.73-py3-none-manylinux2014_aarch64.manylinux_2_17_aarch64.whl", hash = "sha256:70f250825355d2c3aa6c7a972a0ec00f020bad66d2679e527eb4336301c904aa", size = 39515578, upload-time = "2026-06-29T16:47:40.318Z" },
    { url = "https://files.pythonhosted.org/packages/83/19/e46ef3597ba47a9f8a91ab24533db42a600b659fc418dbe4af0b630bcb41/nvidia_cuda_nvcc-13.3.73-py3-none-manylinux2014_x86_64.manylinux_2_17_x86_64.whl", hash = "sha256:f483af83166c4fa356a21606076d553b0b4ceaebbd9912e537545080db695bdd", size = 44942138, upload-time = "2026-06-29T16:48:13.615Z" },
]

[[package]]
name = "nvidia-cuda-nvrtc"
version = "13.3.33"
source = { registry = "https://pypi.org/simple" }
wheels = [
    { url = "https://files.pythonhosted.org/packages/8b/2c/86916c8a34dcdb0c3ddd1c0e30545041bd781184e437b9cb76fcda70560b/nvidia_cuda_nvrtc-13.3.33-py3-none-manylinux2010_x86_64.manylinux_2_12_x86_64.whl", hash = "sha256:82530788b8c6164a54d3fd9ae8bcca8893d397c4aeb998861982a03bbe41e204", size = 51110910, upload-time = "2026-05-26T16:38:16.116Z" },
    { url = "https://files.pythonhosted.org/packages/e7/b6/60a3641111d39ebfcfcd8b8bfd0290d7623c4b8b5f90952c2d84776f8ca4/nvidia_cuda_nvrtc-13.3.33-py3-none-manylinux2014_aarch64.manylinux_2_17_aarch64.whl", hash = "sha256:7b05ecda494c6dabc44231a608b060a71008a730d9dfda932cc508e6d29159e0", size = 49260054, upload-time = "2026-05-26T16:37:51.177Z" },
]

[[package]]
name = "nvidia-cuda-runtime"
version = "13.3.29"
source = { registry = "https://pypi.org/simple" }
wheels = [
    { url = "https://files.pythonhosted.org/packages/5f/e5/c1a221c8e6fecd071b80ea44c20fc253ae24f56e15e3f77cfbc3fb76e724/nvidia_cuda_runtime-13.3.29-py3-none-manylinux2014_aarch64.manylinux_2_17_aarch64.whl", hash = "sha256:73291e19c9dd919c140c91bda2f80b0eca487da5ee30a086ef7bc4918ecb90ea", size = 2356574, upload-time = "2026-05-26T16:29:56.333Z" },
    { url = "https://files.pythonhosted.org/packages/97/be/5699b6e642b372f7d24c59c2f41383e2696825e20bab85f7399c7c6a56f7/nvidia_cuda_runtime-13.3.29-py3-none-manylinux2014_x86_64.manylinux_2_17_x86_64.whl", hash = "sha256:e04420616e72f563167a7733272992d7e6df6dc5cb54b2f94f9f1520ea9e30c1", size = 2339786, upload-time = "2026-05-26T16:30:21.584Z" },
]

[[package]]
name = "nvidia-cudnn-cu13"
version = "9.24.0.43"
source = { registry = "https://pypi.org/simple" }
dependencies = [
    { name = "nvidia-cublas" },
]
wheels = [
    { url = "https://files.pythonhosted.org/packages/ca/30/7c257e3d5cb4fecb147b93895c66e29c93f8e76d74b45bb418ff0587c4ec/nvidia_cudnn_cu13-9.24.0.43-py3-none-manylinux_2_27_aarch64.whl", hash = "sha256:a6812a554a1ff0413e9c52b84c26c050380649ab9615f9c16bded368ce9f421f", size = 650976863, upload-time = "2026-07-02T16:23:39.248Z" },
    { url = "https://files.pythonhosted.org/packages/5c/ba/791cffd048fe5b044e620df55267e3e95c0e6e07d50b41e377c03dfc910f/nvidia_cudnn_cu13-9.24.0.43-py3-none-manylinux_2_27_x86_64.whl", hash = "sha256:71f181cd810e90f9b6023b01186fe82d13d65f0ec098581ee201d39fad769e4b", size = 553099438, upload-time = "2026-07-02T16:27:42.58Z" },
]

[[package]]
name = "nvidia-cufft"
version = "12.3.0.29"
source = { registry = "https://pypi.org/simple" }
dependencies = [
    { name = "nvidia-nvjitlink" },
]
wheels = [
    { url = "https://files.pythonhosted.org/packages/f9/bc/543e6dfbcb659ed07a94a72d8925c8b5688dabc1f616ab2f6575483a3cb6/nvidia_cufft-12.3.0.29-py3-none-manylinux2014_aarch64.manylinux_2_17_aarch64.whl", hash = "sha256:3c268ec73fdbfd22e42913dcef6e49e0c305ab09cd9848268a841cbe9f33f748", size = 184700143, upload-time = "2026-05-26T16:45:25.443Z" },
    { url = "https://files.pythonhosted.org/packages/e7/00/fab4a29fa1d7eb43bc6b94de4e86312c5e425d5582e58b9641300b9dffc7/nvidia_cufft-12.3.0.29-py3-none-manylinux2014_x86_64.manylinux_2_17_x86_64.whl", hash = "sha256:edb25c0626bd202ee5acc035b5dd361a3b89ed3b75a81a52df72c89150cb57c2", size = 184730406, upload-time = "2026-05-26T16:46:18.193Z" },
]

[[package]]
name = "nvidia-cusolver"
version = "12.2.6.9"
source = { registry = "https://pypi.org/simple" }
dependencies = [
    { name = "nvidia-cublas" },
    { name = "nvidia-cusparse" },
    { name = "nvidia-nvjitlink" },
]
wheels = [
    { url = "https://files.pythonhosted.org/packages/13/bd/61dcd7917f64c9e81a35f939f1bf4ab6535adf712192e915fb472e5bbf6c/nvidia_cusolver-12.2.6.9-py3-none-manylinux_2_27_aarch64.whl", hash = "sha256:658ce9e6ed8a321033419fe6e55faf0f245a15aa23669eda03d7f2dcce436d73", size = 267275679, upload-time = "2026-06-29T16:59:54.924Z" },
    { url = "https://files.pythonhosted.org/packages/1c/3a/23e46a0919ba5ecf1a864400542a6c78d18c76893a0a77e1856e7033af31/nvidia_cusolver-12.2.6.9-py3-none-manylinux_2_27_x86_64.whl", hash = "sha256:e32cb40c8a4d3df475b556caaf6af5808ef064df7e291a049528a0d28017b674", size = 244667799, upload-time = "2026-06-29T17:00:42.543Z" },
]

[[package]]
name = "nvidia-cusparse"
version = "12.8.2.51"
source = { registry = "https://pypi.org/simple" }
dependencies = [
    { name = "nvidia-nvjitlink" },
]
wheels = [
    { url = "https://files.pythonhosted.org/packages/ac/bc/925058f9343d93426864cbb113a3f5cf6db97a7d11642aaf4159b6f0c57a/nvidia_cusparse-12.8.2.51-py3-none-manylinux2014_aarch64.manylinux_2_17_aarch64.whl", hash = "sha256:00469fcf62c4d464a1225abd9b20864ecff35e3fbc9fb992572e83d358927755", size = 172868683, upload-time = "2026-06-29T17:01:23.244Z" },
    { url = "https://files.pythonhosted.org/packages/a6/dc/752e401a5d6fc5f1948cf190add5afc27e440e5ca08bc3fab66826c16213/nvidia_cusparse-12.8.2.51-py3-none-manylinux2014_x86_64.manylinux_2_17_x86_64.whl", hash = "sha256:65cbcc4e37a34fca4ee7df2fd57da103593842cda1bbb4a144664ecfe59873a5", size = 154538196, upload-time = "2026-06-29T17:02:06.078Z" },
]

[[package]]
name = "nvidia-nccl-cu13"
version = "2.30.7"
source = { registry = "https://pypi.org/simple" }
wheels = [
    { url = "https://files.pythonhosted.org/packages/d1/21/a73174c6157101bdf1ffc22b517f76ff0082613989dd9bc8f43e8034caac/nvidia_nccl_cu13-2.30.7-py3-none-manylinux_2_18_aarch64.whl", hash = "sha256:ca786ffa5a647c75d4d1f5cc72a6c4f537947e2ba8823d7c8aaf768e7a7b9f77", size = 215983881, upload-time = "2026-06-09T03:23:15.633Z" },
    { url = "https://files.pythonhosted.org/packages/3f/34/c500f90c7ae641b8e0f98965b36b8a7ac79cc8b296e8d251fe3eb592ee54/nvidia_nccl_cu13-2.30.7-py3-none-manylinux_2_18_x86_64.whl", hash = "sha256:cefa7fdb9710efd0f39c5f1be1d61ff6fc9a996c451265bd7fbdcf9455ed4b50", size = 215965170, upload-time = "2026-06-09T03:23:39.73Z" },
]

[[package]]
name = "nvidia-nvjitlink"
version = "13.3.33"
source = { registry = "https://pypi.org/simple" }
wheels = [
    { url = "https://files.pythonhosted.org/packages/f0/ee/580ca6f29dcab0221db8706badca1bbbb084f1975c4d4e83329c3a7e31f0/nvidia_nvjitlink-13.3.33-py3-none-manylinux2010_x86_64.manylinux_2_12_x86_64.whl", hash = "sha256:26a6de7fb4c8fdaa7703d3dad720d6d427ddfea5c48a528fd97c11733ad830e5", size = 40742423, upload-time = "2026-05-26T16:54:51.613Z" },
    { url = "https://files.pythonhosted.org/packages/69/30/45414e35ff2eee7db3da037e5707037ccf9d2b5218ffbdb055ea4d5aa98a/nvidia_nvjitlink-13.3.33-py3-none-manylinux2014_aarch64.manylinux_2_17_aarch64.whl", hash = "sha256:ce48b37dfeb3cb1eae4cf85adacb47d7a6539ea2272870c9a3628ce275c2037e", size = 39168635, upload-time = "2026-05-26T16:54:13.906Z" },
]

[[package]]
name = "nvidia-nvshmem-cu13"
version = "3.7.2"
source = { registry = "https://pypi.org/simple" }
dependencies = [
    { name = "nvidia-cuda-cccl" },
]
wheels = [
    { url = "https://files.pythonhosted.org/packages/81/11/1767ef120299972822a43aceffbc81ac813aad2089d817e36e4e12aa4c9c/nvidia_nvshmem_cu13-3.7.2-py3-none-manylinux2014_aarch64.manylinux_2_17_aarch64.whl", hash = "sha256:0e748308b9e0a8a8d81859353f3e6c98fbe85a85f652a915a2ba60149a0bd124", size = 135174619, upload-time = "2026-07-17T19:24:15.404Z" },
    { url = "https://files.pythonhosted.org/packages/4f/4a/037dfbbafc96ad1828ef62326f27970cae2c0eb271cf5b8e6922f32a7427/nvidia_nvshmem_cu13-3.7.2-py3-none-manylinux2014_x86_64.manylinux_2_17_x86_64.whl", hash = "sha256:b9a4f843c62b5dded8ad33fd6d220e007dcd39f06cee549292f5ba14ce4c235c", size = 135397797, upload-time = "2026-07-17T19:25:26.4Z" },
]

[[package]]
name = "nvidia-nvvm"
version = "13.3.73"
source = { registry = "https://pypi.org/simple" }
wheels = [
    { url = "https://files.pythonhosted.org/packages/f3/e7/ff646aa6015c7e6d12aad234e68925c87b6681d8d18c3ac40535994a3b0d/nvidia_nvvm-13.3.73-py3-none-manylinux2010_x86_64.manylinux_2_12_x86_64.whl", hash = "sha256:0e28e0858a3475e11ac67d35301cd5bf82666a1c0dc4ec4e80ceaf3a5fd1dea8", size = 69250424, upload-time = "2026-06-29T17:08:07.453Z" },
    { url = "https://files.pythonhosted.org/packages/2f/05/35754a7105563fd9b496e5ee8e1acd986aef8258760c3cbccf419aee861a/nvidia_nvvm-13.3.73-py3-none-manylinux2014_aarch64.manylinux_2_17_aarch64.whl", hash = "sha256:e2bcdd5783b5481445f1f0e7170cb836cc0d72999839ba850bbba6dc97b76bb8", size = 66984478, upload-time = "2026-06-29T17:07:43.765Z" },
    { url = "https://files.pythonhosted.org/packages/ad/6b/d5756f485012b920475cbc01457c1b9a7d0485bfb04b92598c5e1ef3e9ab/nvidia_nvvm-13.3.73-py3-none-win_amd64.whl", hash = "sha256:b5c91dfa59ee4cee90b2dfb19c6203f31c914b9c9b5ca10726c2da7cf8ed401d", size = 59981103, upload-time = "2026-06-29T17:21:43.334Z" },
]

[[package]]
name = "opt-einsum"
version = "3.4.0"
source = { registry = "https://pypi.org/simple" }
sdist = { url = "https://files.pythonhosted.org/packages/8c/b9/2ac072041e899a52f20cf9510850ff58295003aa75525e58343591b0cbfb/opt_einsum-3.4.0.tar.gz", hash = "sha256:96ca72f1b886d148241348783498194c577fa30a8faac108586b14f1ba4473ac", size = 63004, upload-time = "2024-09-26T14:33:24.483Z" }
wheels = [
    { url = "https://files.pythonhosted.org/packages/23/cd/066e86230ae37ed0be70aae89aabf03ca8d9f39c8aea0dec8029455b5540/opt_einsum-3.4.0-py3-none-any.whl", hash = "sha256:69bb92469f86a1565195ece4ac0323943e83477171b91d24c35afe028a90d7cd", size = 71932, upload-time = "2024-09-26T14:33:23.039Z" },
]

[[package]]
name = "scipy"
version = "1.18.0"
source = { registry = "https://pypi.org/simple" }
dependencies = [
    { name = "numpy" },
]
sdist = { url = "https://files.pythonhosted.org/packages/a7/25/c2700dfaf6442b4effaa91af24ebce5dc9d31bb4a69706313aae70d72cd0/scipy-1.18.0.tar.gz", hash = "sha256:67b2ad2ad54c72ca6d04975a9b2df8c3638c34ddd5b28738e94fc2b57929d378", size = 30774447, upload-time = "2026-06-19T15:01:43.456Z" }
wheels = [
    { url = "https://files.pythonhosted.org/packages/6a/19/ca10ead60b0acc80b2b833c2c4a4f2ff753d0f58b811f70d911c7e94a25c/scipy-1.18.0-cp312-cp312-macosx_10_15_x86_64.whl", hash = "sha256:7bd21faaf5a1a3b2eff922d02db5f191b99a6518db9078a8fb23169f6d22259a", size = 31056519, upload-time = "2026-06-19T14:59:45.203Z" },
    { url = "https://files.pythonhosted.org/packages/96/72/1e6442a00cd2924d361aa1b642ab6373ec35c6fabf311a760be9f76e0f13/scipy-1.18.0-cp312-cp312-macosx_12_0_arm64.whl", hash = "sha256:265915e79107de9f946b855e50d7470d5893ec3f54b342e1aa6201cbdcd8bb6b", size = 28681889, upload-time = "2026-06-19T14:59:48.103Z" },
    { url = "https://files.pythonhosted.org/packages/9b/2d/11dd93d21e147a73ba22bd75c0b9208d3a2e0ec76d53170ce7d9029b1015/scipy-1.18.0-cp312-cp312-macosx_14_0_arm64.whl", hash = "sha256:9ab7b758be6940954a713ee466e2043e9f6e2ed965c1fce5c91039f4be3d90a9", size = 20423580, upload-time = "2026-06-19T14:59:50.665Z" },
    { url = "https://files.pythonhosted.org/packages/9c/01/93552f75e0d2a7dd115a45e59209c51e8d514daff02fc887d2623be06fe1/scipy-1.18.0-cp312-cp312-macosx_14_0_x86_64.whl", hash = "sha256:97b6cddaaee0a779ef6b5ca83c9604b27cc16b2b8fc22c142652df8793319fb8", size = 23054441, upload-time = "2026-06-19T14:59:53.564Z" },
    { url = "https://files.pythonhosted.org/packages/3c/23/21f5e703643d66f21faa6b4c73195bfcad70c55efcb4f1ab327cd7c4101a/scipy-1.18.0-cp312-cp312-manylinux_2_27_aarch64.manylinux_2_28_aarch64.whl", hash = "sha256:52a96e21517c7292375c0e27dd796a811f03fcea5fd4d108fdfea8145dcf17ab", size = 33968720, upload-time = "2026-06-19T14:59:56.415Z" },
    { url = "https://files.pythonhosted.org/packages/dd/aa/1b939f6c67ed68635bb538e6752d3dacc02f66535182e939a89581a44e9c/scipy-1.18.0-cp312-cp312-manylinux_2_27_x86_64.manylinux_2_28_x86_64.whl", hash = "sha256:1f55797419e16e7f30cf88ffb3113ce0467f00cfe3f70d5c281730b21769bfc2", size = 35287115, upload-time = "2026-06-19T14:59:59.411Z" },
    { url = "https://files.pythonhosted.org/packages/b6/ff/eec46be7e9234208f801062b53e1983085eddebd693f6c9bfb03b459830d/scipy-1.18.0-cp312-cp312-musllinux_1_2_aarch64.whl", hash = "sha256:ad033410e2e0672ffdc1042110cef20e1c46f8fd0616cee1d44d8d58fad8fc11", size = 35577989, upload-time = "2026-06-19T15:00:02.235Z" },
    { url = "https://files.pythonhosted.org/packages/84/ca/210d4759c7210bb7d269437421959b39a33434e2776b60c5cb8a763bb30a/scipy-1.18.0-cp312-cp312-musllinux_1_2_x86_64.whl", hash = "sha256:4a55985d54c769c872e64b7f4c8a81cc30ef700cc04296abbbf3705439c126de", size = 37421717, upload-time = "2026-06-19T15:00:05.102Z" },
    { url = "https://files.pythonhosted.org/packages/2b/54/9a9edb45345bd6744da5ddfb6628e5d5185920494c6a67ec45b6381004cb/scipy-1.18.0-cp312-cp312-win_amd64.whl", hash = "sha256:71ccc8faa2dd16ac310233203474a8b5cb67f10dedd54a3116d34943f4b19132", size = 36597428, upload-time = "2026-06-19T15:00:08.112Z" },
    { url = "https://files.pythonhosted.org/packages/99/0e/33f32a2a58987e26aec0f7df252cbbad1e90ae77bdbc76f40dd4ed0cf0ea/scipy-1.18.0-cp312-cp312-win_arm64.whl", hash = "sha256:d88363fd9d8fbd3511bd273f1a49efb2a540773ddf92a91d57498ce7dd7f3e76", size = 24351481, upload-time = "2026-06-19T15:00:11.103Z" },
]

[[package]]
name = "shuttle-rms-warp-finalize-h100-holder"
version = "0.0.0"
source = { virtual = "." }

[package.optional-dependencies]
gpu = [
    { name = "jax", extra = ["cuda13"] },
]

[package.metadata]
requires-dist = [{ name = "jax", extras = ["cuda13"], marker = "extra == 'gpu'", specifier = "==0.10.1" }]
provides-extras = ["gpu"]

[package.metadata.requires-dev]
dev = []
